// !$*UTF8*$!
{
	archiveVersion = 1;
	classes = {
	};
	objectVersion = 56;
	objects = {

/* Begin PBXBuildFile section */
		66CE6D3B28B3217D00EC890C /* AppDelegate.swift in Sources */ = {isa = PBXBuildFile; fileRef = 66CE6D3A28B3217D00EC890C /* AppDelegate.swift */; };
		66CE6D3D28B3217D00EC890C /* SceneDelegate.swift in Sources */ = {isa = PBXBuildFile; fileRef = 66CE6D3C28B3217D00EC890C /* SceneDelegate.swift */; };
		66CE6D4228B3217D00EC890C /* Main.storyboard in Resources */ = {isa = PBXBuildFile; fileRef = 66CE6D4028B3217D00EC890C /* Main.storyboard */; };
		66CE6D4428B3217D00EC890C /* Assets.xcassets in Resources */ = {isa = PBXBuildFile; fileRef = 66CE6D4328B3217D00EC890C /* Assets.xcassets */; };
		66CE6D4728B3217D00EC890C /* LaunchScreen.storyboard in Resources */ = {isa = PBXBuildFile; fileRef = 66CE6D4528B3217D00EC890C /* LaunchScreen.storyboard */; };
		66CE6D5128B321BF00EC890C /* WalksController.swift in Sources */ = {isa = PBXBuildFile; fileRef = 66CE6D4F28B321BF00EC890C /* WalksController.swift */; };
		66CE6D5228B321BF00EC890C /* Walk.swift in Sources */ = {isa = PBXBuildFile; fileRef = 66CE6D5028B321BF00EC890C /* Walk.swift */; };
		66CE6D5428B321CF00EC890C /* WalksViewController.swift in Sources */ = {isa = PBXBuildFile; fileRef = 66CE6D5328B321CF00EC890C /* WalksViewController.swift */; };
		66CE6D5628B321DB00EC890C /* WalkDetailViewController.swift in Sources */ = {isa = PBXBuildFile; fileRef = 66CE6D5528B321DB00EC890C /* WalkDetailViewController.swift */; };
		66CE6D5828B321E200EC890C /* WalkDurationsViewController.swift in Sources */ = {isa = PBXBuildFile; fileRef = 66CE6D5728B321E200EC890C /* WalkDurationsViewController.swift */; };
		66CE6D6228B33F6D00EC890C /* WalkDurations.swift in Sources */ = {isa = PBXBuildFile; fileRef = 66CE6D6128B33F6D00EC890C /* WalkDurations.swift */; };
		66CE6D6428B3A1F800EC890C /* WalkDurationsViewController+UISetup.swift in Sources */ = {isa = PBXBuildFile; fileRef = 66CE6D6328B3A1F800EC890C /* WalkDurationsViewController+UISetup.swift */; };
/* End PBXBuildFile section */

/* Begin PBXFileReference section */
		66CE6D3728B3217D00EC890C /* NatureWalks-starter.app */ = {isa = PBXFileReference; explicitFileType = wrapper.application; includeInIndex = 0; path = "NatureWalks-starter.app"; sourceTree = BUILT_PRODUCTS_DIR; };
		66CE6D3A28B3217D00EC890C /* AppDelegate.swift */ = {isa = PBXFileReference; lastKnownFileType = sourcecode.swift; path = AppDelegate.swift; sourceTree = "<group>"; };
		66CE6D3C28B3217D00EC890C /* SceneDelegate.swift */ = {isa = PBXFileReference; lastKnownFileType = sourcecode.swift; path = SceneDelegate.swift; sourceTree = "<group>"; };
		66CE6D4128B3217D00EC890C /* Base */ = {isa = PBXFileReference; lastKnownFileType = file.storyboard; name = Base; path = Base.lproj/Main.storyboard; sourceTree = "<group>"; };
		66CE6D4328B3217D00EC890C /* Assets.xcassets */ = {isa = PBXFileReference; lastKnownFileType = folder.assetcatalog; path = Assets.xcassets; sourceTree = "<group>"; };
		66CE6D4628B3217D00EC890C /* Base */ = {isa = PBXFileReference; lastKnownFileType = file.storyboard; name = Base; path = Base.lproj/LaunchScreen.storyboard; sourceTree = "<group>"; };
		66CE6D4828B3217D00EC890C /* Info.plist */ = {isa = PBXFileReference; lastKnownFileType = text.plist.xml; path = Info.plist; sourceTree = "<group>"; };
		66CE6D4F28B321BF00EC890C /* WalksController.swift */ = {isa = PBXFileReference; fileEncoding = 4; lastKnownFileType = sourcecode.swift; path = WalksController.swift; sourceTree = "<group>"; };
		66CE6D5028B321BF00EC890C /* Walk.swift */ = {isa = PBXFileReference; fileEncoding = 4; lastKnownFileType = sourcecode.swift; path = Walk.swift; sourceTree = "<group>"; };
		66CE6D5328B321CF00EC890C /* WalksViewController.swift */ = {isa = PBXFileReference; fileEncoding = 4; lastKnownFileType = sourcecode.swift; path = WalksViewController.swift; sourceTree = "<group>"; };
		66CE6D5528B321DB00EC890C /* WalkDetailViewController.swift */ = {isa = PBXFileReference; fileEncoding = 4; lastKnownFileType = sourcecode.swift; path = WalkDetailViewController.swift; sourceTree = "<group>"; };
		66CE6D5728B321E200EC890C /* WalkDurationsViewController.swift */ = {isa = PBXFileReference; fileEncoding = 4; lastKnownFileType = sourcecode.swift; path = WalkDurationsViewController.swift; sourceTree = "<group>"; };
		66CE6D6128B33F6D00EC890C /* WalkDurations.swift */ = {isa = PBXFileReference; fileEncoding = 4; lastKnownFileType = sourcecode.swift; path = WalkDurations.swift; sourceTree = "<group>"; };
		66CE6D6328B3A1F800EC890C /* WalkDurationsViewController+UISetup.swift */ = {isa = PBXFileReference; lastKnownFileType = sourcecode.swift; path = "WalkDurationsViewController+UISetup.swift"; sourceTree = "<group>"; };
/* End PBXFileReference section */

/* Begin PBXFrameworksBuildPhase section */
		66CE6D3428B3217D00EC890C /* Frameworks */ = {
			isa = PBXFrameworksBuildPhase;
			buildActionMask = 2147483647;
			files = (
			);
			runOnlyForDeploymentPostprocessing = 0;
		};
/* End PBXFrameworksBuildPhase section */

/* Begin PBXGroup section */
		66CE6D2E28B3217D00EC890C = {
			isa = PBXGroup;
			children = (
				66CE6D3928B3217D00EC890C /* NatureWalks-starter */,
				66CE6D3828B3217D00EC890C /* Products */,
			);
			sourceTree = "<group>";
		};
		66CE6D3828B3217D00EC890C /* Products */ = {
			isa = PBXGroup;
			children = (
				66CE6D3728B3217D00EC890C /* NatureWalks-starter.app */,
			);
			name = Products;
			sourceTree = "<group>";
		};
		66CE6D3928B3217D00EC890C /* NatureWalks-starter */ = {
			isa = PBXGroup;
			children = (
				66CE6D4E28B321BF00EC890C /* Data */,
				66CE6D3A28B3217D00EC890C /* AppDelegate.swift */,
				66CE6D3C28B3217D00EC890C /* SceneDelegate.swift */,
				66CE6D5328B321CF00EC890C /* WalksViewController.swift */,
				66CE6D5C28B3300C00EC890C /* WalkDetail */,
				66CE6D5928B32FCF00EC890C /* WalkDurations */,
				66CE6D4028B3217D00EC890C /* Main.storyboard */,
				66CE6D4328B3217D00EC890C /* Assets.xcassets */,
				66CE6D4528B3217D00EC890C /* LaunchScreen.storyboard */,
				66CE6D4828B3217D00EC890C /* Info.plist */,
			);
			path = "NatureWalks-starter";
			sourceTree = "<group>";
		};
		66CE6D4E28B321BF00EC890C /* Data */ = {
			isa = PBXGroup;
			children = (
				66CE6D4F28B321BF00EC890C /* WalksController.swift */,
				66CE6D5028B321BF00EC890C /* Walk.swift */,
			);
			path = Data;
			sourceTree = "<group>";
		};
		66CE6D5928B32FCF00EC890C /* WalkDurations */ = {
			isa = PBXGroup;
			children = (
				66CE6D6128B33F6D00EC890C /* WalkDurations.swift */,
				66CE6D5728B321E200EC890C /* WalkDurationsViewController.swift */,
				66CE6D6328B3A1F800EC890C /* WalkDurationsViewController+UISetup.swift */,
			);
			path = WalkDurations;
			sourceTree = "<group>";
		};
		66CE6D5C28B3300C00EC890C /* WalkDetail */ = {
			isa = PBXGroup;
			children = (
				66CE6D5528B321DB00EC890C /* WalkDetailViewController.swift */,
			);
			path = WalkDetail;
			sourceTree = "<group>";
		};
/* End PBXGroup section */

/* Begin PBXNativeTarget section */
		66CE6D3628B3217D00EC890C /* NatureWalks-starter */ = {
			isa = PBXNativeTarget;
			buildConfigurationList = 66CE6D4B28B3217D00EC890C /* Build configuration list for PBXNativeTarget "NatureWalks-starter" */;
			buildPhases = (
				66CE6D3328B3217D00EC890C /* Sources */,
				66CE6D3428B3217D00EC890C /* Frameworks */,
				66CE6D3528B3217D00EC890C /* Resources */,
			);
			buildRules = (
			);
			dependencies = (
			);
			name = "NatureWalks-starter";
			productName = "NatureWalks-starter";
			productReference = 66CE6D3728B3217D00EC890C /* NatureWalks-starter.app */;
			productType = "com.apple.product-type.application";
		};
/* End PBXNativeTarget section */

/* Begin PBXProject section */
		66CE6D2F28B3217D00EC890C /* Project object */ = {
			isa = PBXProject;
			attributes = {
				BuildIndependentTargetsInParallel = 1;
				LastSwiftUpdateCheck = 1400;
				LastUpgradeCheck = 1500;
				TargetAttributes = {
					66CE6D3628B3217D00EC890C = {
						CreatedOnToolsVersion = 14.0;
					};
				};
			};
			buildConfigurationList = 66CE6D3228B3217D00EC890C /* Build configuration list for PBXProject "NatureWalks-starter" */;
			compatibilityVersion = "Xcode 14.0";
			developmentRegion = en;
			hasScannedForEncodings = 0;
			knownRegions = (
				en,
				Base,
			);
			mainGroup = 66CE6D2E28B3217D00EC890C;
			productRefGroup = 66CE6D3828B3217D00EC890C /* Products */;
			projectDirPath = "";
			projectRoot = "";
			targets = (
				66CE6D3628B3217D00EC890C /* NatureWalks-starter */,
			);
		};
/* End PBXProject section */

/* Begin PBXResourcesBuildPhase section */
		66CE6D3528B3217D00EC890C /* Resources */ = {
			isa = PBXResourcesBuildPhase;
			buildActionMask = 2147483647;
			files = (
				66CE6D4728B3217D00EC890C /* LaunchScreen.storyboard in Resources */,
				66CE6D4428B3217D00EC890C /* Assets.xcassets in Resources */,
				66CE6D4228B3217D00EC890C /* Main.storyboard in Resources */,
			);
			runOnlyForDeploymentPostprocessing = 0;
		};
/* End PBXResourcesBuildPhase section */

/* Begin PBXSourcesBuildPhase section */
		66CE6D3328B3217D00EC890C /* Sources */ = {
			isa = PBXSourcesBuildPhase;
			buildActionMask = 2147483647;
			files = (
				66CE6D5628B321DB00EC890C /* WalkDetailViewController.swift in Sources */,
				66CE6D5828B321E200EC890C /* WalkDurationsViewController.swift in Sources */,
				66CE6D5428B321CF00EC890C /* WalksViewController.swift in Sources */,
				66CE6D3B28B3217D00EC890C /* AppDelegate.swift in Sources */,
				66CE6D6428B3A1F800EC890C /* WalkDurationsViewController+UISetup.swift in Sources */,
				66CE6D5228B321BF00EC890C /* Walk.swift in Sources */,
				66CE6D5128B321BF00EC890C /* WalksController.swift in Sources */,
				66CE6D6228B33F6D00EC890C /* WalkDurations.swift in Sources */,
				66CE6D3D28B3217D00EC890C /* SceneDelegate.swift in Sources */,
			);
			runOnlyForDeploymentPostprocessing = 0;
		};
/* End PBXSourcesBuildPhase section */

/* Begin PBXVariantGroup section */
		66CE6D4028B3217D00EC890C /* Main.storyboard */ = {
			isa = PBXVariantGroup;
			children = (
				66CE6D4128B3217D00EC890C /* Base */,
			);
			name = Main.storyboard;
			sourceTree = "<group>";
		};
		66CE6D4528B3217D00EC890C /* LaunchScreen.storyboard */ = {
			isa = PBXVariantGroup;
			children = (
				66CE6D4628B3217D00EC890C /* Base */,
			);
			name = LaunchScreen.storyboard;
			sourceTree = "<group>";
		};
/* End PBXVariantGroup section */

/* Begin XCBuildConfiguration section */
		66CE6D4928B3217D00EC890C /* Debug */ = {
			isa = XCBuildConfiguration;
			buildSettings = {
				ALWAYS_SEARCH_USER_PATHS = NO;
				CLANG_ANALYZER_NONNULL = YES;
				CLANG_ANALYZER_NUMBER_OBJECT_CONVERSION = YES_AGGRESSIVE;
				CLANG_CXX_LANGUAGE_STANDARD = "gnu++20";
				CLANG_ENABLE_MODULES = YES;
				CLANG_ENABLE_OBJC_ARC = YES;
				CLANG_ENABLE_OBJC_WEAK = YES;
				CLANG_WARN_BLOCK_CAPTURE_AUTORELEASING = YES;
				CLANG_WARN_BOOL_CONVERSION = YES;
				CLANG_WARN_COMMA = YES;
				CLANG_WARN_CONSTANT_CONVERSION = YES;
				CLANG_WARN_DEPRECATED_OBJC_IMPLEMENTATIONS = YES;
				CLANG_WARN_DIRECT_OBJC_ISA_USAGE = YES_ERROR;
				CLANG_WARN_DOCUMENTATION_COMMENTS = YES;
				CLANG_WARN_EMPTY_BODY = YES;
				CLANG_WARN_ENUM_CONVERSION = YES;
				CLANG_WARN_INFINITE_RECURSION = YES;
				CLANG_WARN_INT_CONVERSION = YES;
				CLANG_WARN_NON_LITERAL_NULL_CONVERSION = YES;
				CLANG_WARN_OBJC_IMPLICIT_RETAIN_SELF = YES;
				CLANG_WARN_OBJC_LITERAL_CONVERSION = YES;
				CLANG_WARN_OBJC_ROOT_CLASS = YES_ERROR;
				CLANG_WARN_QUOTED_INCLUDE_IN_FRAMEWORK_HEADER = YES;
				CLANG_WARN_RANGE_LOOP_ANALYSIS = YES;
				CLANG_WARN_STRICT_PROTOTYPES = YES;
				CLANG_WARN_SUSPICIOUS_MOVE = YES;
				CLANG_WARN_UNGUARDED_AVAILABILITY = YES_AGGRESSIVE;
				CLANG_WARN_UNREACHABLE_CODE = YES;
				CLANG_WARN__DUPLICATE_METHOD_MATCH = YES;
				COPY_PHASE_STRIP = NO;
				DEBUG_INFORMATION_FORMAT = dwarf;
				ENABLE_STRICT_OBJC_MSGSEND = YES;
				ENABLE_TESTABILITY = YES;
				ENABLE_USER_SCRIPT_SANDBOXING = YES;
				GCC_C_LANGUAGE_STANDARD = gnu11;
				GCC_DYNAMIC_NO_PIC = NO;
				GCC_NO_COMMON_BLOCKS = YES;
				GCC_OPTIMIZATION_LEVEL = 0;
				GCC_PREPROCESSOR_DEFINITIONS = (
					"DEBUG=1",
					"$(inherited)",
				);
				GCC_WARN_64_TO_32_BIT_CONVERSION = YES;
				GCC_WARN_ABOUT_RETURN_TYPE = YES_ERROR;
				GCC_WARN_UNDECLARED_SELECTOR = YES;
				GCC_WARN_UNINITIALIZED_AUTOS = YES_AGGRESSIVE;
				GCC_WARN_UNUSED_FUNCTION = YES;
				GCC_WARN_UNUSED_VARIABLE = YES;
				IPHONEOS_DEPLOYMENT_TARGET = 16.0;
				MTL_ENABLE_DEBUG_INFO = INCLUDE_SOURCE;
				MTL_FAST_MATH = YES;
				ONLY_ACTIVE_ARCH = YES;
				SDKROOT = iphoneos;
				SWIFT_ACTIVE_COMPILATION_CONDITIONS = DEBUG;
				SWIFT_OPTIMIZATION_LEVEL = "-Onone";
			};
			name = Debug;
		};
		66CE6D4A28B3217D00EC890C /* Release */ = {
			isa = XCBuildConfiguration;
			buildSettings = {
				ALWAYS_SEARCH_USER_PATHS = NO;
				CLANG_ANALYZER_NONNULL = YES;
				CLANG_ANALYZER_NUMBER_OBJECT_CONVERSION = YES_AGGRESSIVE;
				CLANG_CXX_LANGUAGE_STANDARD = "gnu++20";
				CLANG_ENABLE_MODULES = YES;
				CLANG_ENABLE_OBJC_ARC = YES;
				CLANG_ENABLE_OBJC_WEAK = YES;
				CLANG_WARN_BLOCK_CAPTURE_AUTORELEASING = YES;
				CLANG_WARN_BOOL_CONVERSION = YES;
				CLANG_WARN_COMMA = YES;
				CLANG_WARN_CONSTANT_CONVERSION = YES;
				CLANG_WARN_DEPRECATED_OBJC_IMPLEMENTATIONS = YES;
				CLANG_WARN_DIRECT_OBJC_ISA_USAGE = YES_ERROR;
				CLANG_WARN_DOCUMENTATION_COMMENTS = YES;
				CLANG_WARN_EMPTY_BODY = YES;
				CLANG_WARN_ENUM_CONVERSION = YES;
				CLANG_WARN_INFINITE_RECURSION = YES;
				CLANG_WARN_INT_CONVERSION = YES;
				CLANG_WARN_NON_LITERAL_NULL_CONVERSION = YES;
				CLANG_WARN_OBJC_IMPLICIT_RETAIN_SELF = YES;
				CLANG_WARN_OBJC_LITERAL_CONVERSION = YES;
				CLANG_WARN_OBJC_ROOT_CLASS = YES_ERROR;
				CLANG_WARN_QUOTED_INCLUDE_IN_FRAMEWORK_HEADER = YES;
				CLANG_WARN_RANGE_LOOP_ANALYSIS = YES;
				CLANG_WARN_STRICT_PROTOTYPES = YES;
				CLANG_WARN_SUSPICIOUS_MOVE = YES;
				CLANG_WARN_UNGUARDED_AVAILABILITY = YES_AGGRESSIVE;
				CLANG_WARN_UNREACHABLE_CODE = YES;
				CLANG_WARN__DUPLICATE_METHOD_MATCH = YES;
				COPY_PHASE_STRIP = NO;
				DEBUG_INFORMATION_FORMAT = "dwarf-with-dsym";
				ENABLE_NS_ASSERTIONS = NO;
				ENABLE_STRICT_OBJC_MSGSEND = YES;
				ENABLE_USER_SCRIPT_SANDBOXING = YES;
				GCC_C_LANGUAGE_STANDARD = gnu11;
				GCC_NO_COMMON_BLOCKS = YES;
				GCC_WARN_64_TO_32_BIT_CONVERSION = YES;
				GCC_WARN_ABOUT_RETURN_TYPE = YES_ERROR;
				GCC_WARN_UNDECLARED_SELECTOR = YES;
				GCC_WARN_UNINITIALIZED_AUTOS = YES_AGGRESSIVE;
				GCC_WARN_UNUSED_FUNCTION = YES;
				GCC_WARN_UNUSED_VARIABLE = YES;
				IPHONEOS_DEPLOYMENT_TARGET = 16.0;
				MTL_ENABLE_DEBUG_INFO = NO;
				MTL_FAST_MATH = YES;
				SDKROOT = iphoneos;
				SWIFT_COMPILATION_MODE = wholemodule;
				SWIFT_OPTIMIZATION_LEVEL = "-O";
				VALIDATE_PRODUCT = YES;
			};
			name = Release;
		};
		66CE6D4C28B3217D00EC890C /* Debug */ = {
			isa = XCBuildConfiguration;
			buildSettings = {
				ASSETCATALOG_COMPILER_APPICON_NAME = AppIcon;
				ASSETCATALOG_COMPILER_GLOBAL_ACCENT_COLOR_NAME = AccentColor;
				CODE_SIGN_STYLE = Automatic;
				CURRENT_PROJECT_VERSION = 1;
				DEVELOPMENT_TEAM = "";
				GENERATE_INFOPLIST_FILE = YES;
				INFOPLIST_FILE = "NatureWalks-starter/Info.plist";
				INFOPLIST_KEY_UIApplicationSupportsIndirectInputEvents = YES;
				INFOPLIST_KEY_UILaunchStoryboardName = LaunchScreen;
				INFOPLIST_KEY_UIMainStoryboardFile = Main;
				INFOPLIST_KEY_UISupportedInterfaceOrientations_iPad = "UIInterfaceOrientationPortrait UIInterfaceOrientationPortraitUpsideDown UIInterfaceOrientationLandscapeLeft UIInterfaceOrientationLandscapeRight";
				INFOPLIST_KEY_UISupportedInterfaceOrientations_iPhone = "UIInterfaceOrientationPortrait UIInterfaceOrientationLandscapeLeft UIInterfaceOrientationLandscapeRight";
				IPHONEOS_DEPLOYMENT_TARGET = 15.0;
				LD_RUNPATH_SEARCH_PATHS = (
					"$(inherited)",
					"@executable_path/Frameworks",
				);
				MARKETING_VERSION = 1.0;
				PRODUCT_BUNDLE_IDENTIFIER = "com.example.NatureWalks-starter";
				PRODUCT_NAME = "$(TARGET_NAME)";
				SWIFT_EMIT_LOC_STRINGS = YES;
				SWIFT_VERSION = 5.0;
				TARGETED_DEVICE_FAMILY = "1,2";
			};
			name = Debug;
		};
		66CE6D4D28B3217D00EC890C /* Release */ = {
			isa = XCBuildConfiguration;
			buildSettings = {
				ASSETCATALOG_COMPILER_APPICON_NAME = AppIcon;
				ASSETCATALOG_COMPILER_GLOBAL_ACCENT_COLOR_NAME = AccentColor;
				CODE_SIGN_STYLE = Automatic;
				CURRENT_PROJECT_VERSION = 1;
				DEVELOPMENT_TEAM = "";
				GENERATE_INFOPLIST_FILE = YES;
				INFOPLIST_FILE = "NatureWalks-starter/Info.plist";
				INFOPLIST_KEY_UIApplicationSupportsIndirectInputEvents = YES;
				INFOPLIST_KEY_UILaunchStoryboardName = LaunchScreen;
				INFOPLIST_KEY_UIMainStoryboardFile = Main;
				INFOPLIST_KEY_UISupportedInterfaceOrientations_iPad = "UIInterfaceOrientationPortrait UIInterfaceOrientationPortraitUpsideDown UIInterfaceOrientationLandscapeLeft UIInterfaceOrientationLandscapeRight";
				INFOPLIST_KEY_UISupportedInterfaceOrientations_iPhone = "UIInterfaceOrientationPortrait UIInterfaceOrientationLandscapeLeft UIInterfaceOrientationLandscapeRight";
				IPHONEOS_DEPLOYMENT_TARGET = 15.0;
				LD_RUNPATH_SEARCH_PATHS = (
					"$(inherited)",
					"@executable_path/Frameworks",
				);
				MARKETING_VERSION = 1.0;
				PRODUCT_BUNDLE_IDENTIFIER = "com.example.NatureWalks-starter";
				PRODUCT_NAME = "$(TARGET_NAME)";
				SWIFT_EMIT_LOC_STRINGS = YES;
				SWIFT_VERSION = 5.0;
				TARGETED_DEVICE_FAMILY = "1,2";
			};
			name = Release;
		};
/* End XCBuildConfiguration section */

/* Begin XCConfigurationList section */
		66CE6D3228B3217D00EC890C /* Build configuration list for PBXProject "NatureWalks-starter" */ = {
			isa = XCConfigurationList;
			buildConfigurations = (
				66CE6D4928B3217D00EC890C /* Debug */,
				66CE6D4A28B3217D00EC890C /* Release */,
			);
			defaultConfigurationIsVisible = 0;
			defaultConfigurationName = Release;
		};
		66CE6D4B28B3217D00EC890C /* Build configuration list for PBXNativeTarget "NatureWalks-starter" */ = {
			isa = XCConfigurationList;
			buildConfigurations = (
				66CE6D4C28B3217D00EC890C /* Debug */,
				66CE6D4D28B3217D00EC890C /* Release */,
			);
			defaultConfigurationIsVisible = 0;
			defaultConfigurationName = Release;
		};
/* End XCConfigurationList section */
	};
	rootObject = 66CE6D2F28B3217D00EC890C /* Project object */;
}
