// !$*UTF8*$!
{
	archiveVersion = 1;
	classes = {
	};
	objectVersion = 56;
	objects = {

/* Begin PBXBuildFile section */
		665BA81228B8711B00EC8C4D /* AppDelegate.swift in Sources */ = {isa = PBXBuildFile; fileRef = 665BA81128B8711B00EC8C4D /* AppDelegate.swift */; };
		665BA81428B8711B00EC8C4D /* SceneDelegate.swift in Sources */ = {isa = PBXBuildFile; fileRef = 665BA81328B8711B00EC8C4D /* SceneDelegate.swift */; };
		665BA81628B8711B00EC8C4D /* ActivitiesViewController.swift in Sources */ = {isa = PBXBuildFile; fileRef = 665BA81528B8711B00EC8C4D /* ActivitiesViewController.swift */; };
		665BA81928B8711B00EC8C4D /* Main.storyboard in Resources */ = {isa = PBXBuildFile; fileRef = 665BA81728B8711B00EC8C4D /* Main.storyboard */; };
		665BA81B28B8711C00EC8C4D /* Assets.xcassets in Resources */ = {isa = PBXBuildFile; fileRef = 665BA81A28B8711C00EC8C4D /* Assets.xcassets */; };
		665BA81E28B8711C00EC8C4D /* LaunchScreen.storyboard in Resources */ = {isa = PBXBuildFile; fileRef = 665BA81C28B8711C00EC8C4D /* LaunchScreen.storyboard */; };
		665BA82728B871C700EC8C4D /* Activity.swift in Sources */ = {isa = PBXBuildFile; fileRef = 665BA82628B871C700EC8C4D /* Activity.swift */; };
		665BA82928B8721600EC8C4D /* ActivitiesController.swift in Sources */ = {isa = PBXBuildFile; fileRef = 665BA82828B8721600EC8C4D /* ActivitiesController.swift */; };
/* End PBXBuildFile section */

/* Begin PBXFileReference section */
		665BA80E28B8711B00EC8C4D /* FunActivities-starter.app */ = {isa = PBXFileReference; explicitFileType = wrapper.application; includeInIndex = 0; path = "FunActivities-starter.app"; sourceTree = BUILT_PRODUCTS_DIR; };
		665BA81128B8711B00EC8C4D /* AppDelegate.swift */ = {isa = PBXFileReference; lastKnownFileType = sourcecode.swift; path = AppDelegate.swift; sourceTree = "<group>"; };
		665BA81328B8711B00EC8C4D /* SceneDelegate.swift */ = {isa = PBXFileReference; lastKnownFileType = sourcecode.swift; path = SceneDelegate.swift; sourceTree = "<group>"; };
		665BA81528B8711B00EC8C4D /* ActivitiesViewController.swift */ = {isa = PBXFileReference; lastKnownFileType = sourcecode.swift; path = ActivitiesViewController.swift; sourceTree = "<group>"; };
		665BA81828B8711B00EC8C4D /* Base */ = {isa = PBXFileReference; lastKnownFileType = file.storyboard; name = Base; path = Base.lproj/Main.storyboard; sourceTree = "<group>"; };
		665BA81A28B8711C00EC8C4D /* Assets.xcassets */ = {isa = PBXFileReference; lastKnownFileType = folder.assetcatalog; path = Assets.xcassets; sourceTree = "<group>"; };
		665BA81D28B8711C00EC8C4D /* Base */ = {isa = PBXFileReference; lastKnownFileType = file.storyboard; name = Base; path = Base.lproj/LaunchScreen.storyboard; sourceTree = "<group>"; };
		665BA81F28B8711C00EC8C4D /* Info.plist */ = {isa = PBXFileReference; lastKnownFileType = text.plist.xml; path = Info.plist; sourceTree = "<group>"; };
		665BA82628B871C700EC8C4D /* Activity.swift */ = {isa = PBXFileReference; lastKnownFileType = sourcecode.swift; path = Activity.swift; sourceTree = "<group>"; };
		665BA82828B8721600EC8C4D /* ActivitiesController.swift */ = {isa = PBXFileReference; lastKnownFileType = sourcecode.swift; path = ActivitiesController.swift; sourceTree = "<group>"; };
/* End PBXFileReference section */

/* Begin PBXFrameworksBuildPhase section */
		665BA80B28B8711B00EC8C4D /* Frameworks */ = {
			isa = PBXFrameworksBuildPhase;
			buildActionMask = 2147483647;
			files = (
			);
			runOnlyForDeploymentPostprocessing = 0;
		};
/* End PBXFrameworksBuildPhase section */

/* Begin PBXGroup section */
		665BA80528B8711B00EC8C4D = {
			isa = PBXGroup;
			children = (
				665BA81028B8711B00EC8C4D /* FunActivities-starter */,
				665BA80F28B8711B00EC8C4D /* Products */,
			);
			sourceTree = "<group>";
		};
		665BA80F28B8711B00EC8C4D /* Products */ = {
			isa = PBXGroup;
			children = (
				665BA80E28B8711B00EC8C4D /* FunActivities-starter.app */,
			);
			name = Products;
			sourceTree = "<group>";
		};
		665BA81028B8711B00EC8C4D /* FunActivities-starter */ = {
			isa = PBXGroup;
			children = (
				665BA82528B871A700EC8C4D /* Data */,
				665BA81128B8711B00EC8C4D /* AppDelegate.swift */,
				665BA81328B8711B00EC8C4D /* SceneDelegate.swift */,
				665BA81528B8711B00EC8C4D /* ActivitiesViewController.swift */,
				665BA81728B8711B00EC8C4D /* Main.storyboard */,
				665BA81A28B8711C00EC8C4D /* Assets.xcassets */,
				665BA81C28B8711C00EC8C4D /* LaunchScreen.storyboard */,
				665BA81F28B8711C00EC8C4D /* Info.plist */,
			);
			path = "FunActivities-starter";
			sourceTree = "<group>";
		};
		665BA82528B871A700EC8C4D /* Data */ = {
			isa = PBXGroup;
			children = (
				665BA82628B871C700EC8C4D /* Activity.swift */,
				665BA82828B8721600EC8C4D /* ActivitiesController.swift */,
			);
			path = Data;
			sourceTree = "<group>";
		};
/* End PBXGroup section */

/* Begin PBXNativeTarget section */
		665BA80D28B8711B00EC8C4D /* FunActivities-starter */ = {
			isa = PBXNativeTarget;
			buildConfigurationList = 665BA82228B8711C00EC8C4D /* Build configuration list for PBXNativeTarget "FunActivities-starter" */;
			buildPhases = (
				665BA80A28B8711B00EC8C4D /* Sources */,
				665BA80B28B8711B00EC8C4D /* Frameworks */,
				665BA80C28B8711B00EC8C4D /* Resources */,
			);
			buildRules = (
			);
			dependencies = (
			);
			name = "FunActivities-starter";
			productName = "FunActivities-starter";
			productReference = 665BA80E28B8711B00EC8C4D /* FunActivities-starter.app */;
			productType = "com.apple.product-type.application";
		};
/* End PBXNativeTarget section */

/* Begin PBXProject section */
		665BA80628B8711B00EC8C4D /* Project object */ = {
			isa = PBXProject;
			attributes = {
				BuildIndependentTargetsInParallel = 1;
				LastSwiftUpdateCheck = 1400;
				LastUpgradeCheck = 1500;
				TargetAttributes = {
					665BA80D28B8711B00EC8C4D = {
						CreatedOnToolsVersion = 14.0;
					};
				};
			};
			buildConfigurationList = 665BA80928B8711B00EC8C4D /* Build configuration list for PBXProject "FunActivities-starter" */;
			compatibilityVersion = "Xcode 14.0";
			developmentRegion = en;
			hasScannedForEncodings = 0;
			knownRegions = (
				en,
				Base,
			);
			mainGroup = 665BA80528B8711B00EC8C4D;
			productRefGroup = 665BA80F28B8711B00EC8C4D /* Products */;
			projectDirPath = "";
			projectRoot = "";
			targets = (
				665BA80D28B8711B00EC8C4D /* FunActivities-starter */,
			);
		};
/* End PBXProject section */

/* Begin PBXResourcesBuildPhase section */
		665BA80C28B8711B00EC8C4D /* Resources */ = {
			isa = PBXResourcesBuildPhase;
			buildActionMask = 2147483647;
			files = (
				665BA81E28B8711C00EC8C4D /* LaunchScreen.storyboard in Resources */,
				665BA81B28B8711C00EC8C4D /* Assets.xcassets in Resources */,
				665BA81928B8711B00EC8C4D /* Main.storyboard in Resources */,
			);
			runOnlyForDeploymentPostprocessing = 0;
		};
/* End PBXResourcesBuildPhase section */

/* Begin PBXSourcesBuildPhase section */
		665BA80A28B8711B00EC8C4D /* Sources */ = {
			isa = PBXSourcesBuildPhase;
			buildActionMask = 2147483647;
			files = (
				665BA81628B8711B00EC8C4D /* ActivitiesViewController.swift in Sources */,
				665BA81228B8711B00EC8C4D /* AppDelegate.swift in Sources */,
				665BA82728B871C700EC8C4D /* Activity.swift in Sources */,
				665BA82928B8721600EC8C4D /* ActivitiesController.swift in Sources */,
				665BA81428B8711B00EC8C4D /* SceneDelegate.swift in Sources */,
			);
			runOnlyForDeploymentPostprocessing = 0;
		};
/* End PBXSourcesBuildPhase section */

/* Begin PBXVariantGroup section */
		665BA81728B8711B00EC8C4D /* Main.storyboard */ = {
			isa = PBXVariantGroup;
			children = (
				665BA81828B8711B00EC8C4D /* Base */,
			);
			name = Main.storyboard;
			sourceTree = "<group>";
		};
		665BA81C28B8711C00EC8C4D /* LaunchScreen.storyboard */ = {
			isa = PBXVariantGroup;
			children = (
				665BA81D28B8711C00EC8C4D /* Base */,
			);
			name = LaunchScreen.storyboard;
			sourceTree = "<group>";
		};
/* End PBXVariantGroup section */

/* Begin XCBuildConfiguration section */
		665BA82028B8711C00EC8C4D /* Debug */ = {
			isa = XCBuildConfiguration;
			buildSettings = {
				ALWAYS_SEARCH_USER_PATHS = NO;
				CLANG_ANALYZER_NONNULL = YES;
				CLANG_ANALYZER_NUMBER_OBJECT_CONVERSION = YES_AGGRESSIVE;
				CLANG_CXX_LANGUAGE_STANDARD = "gnu++20";
				CLANG_ENABLE_MODULES = YES;
				CLANG_ENABLE_OBJC_ARC = YES;
				CLANG_ENABLE_OBJC_WEAK = YES;
				CLANG_WARN_BLOCK_CAPTURE_AUTORELEASING = YES;
				CLANG_WARN_BOOL_CONVERSION = YES;
				CLANG_WARN_COMMA = YES;
				CLANG_WARN_CONSTANT_CONVERSION = YES;
				CLANG_WARN_DEPRECATED_OBJC_IMPLEMENTATIONS = YES;
				CLANG_WARN_DIRECT_OBJC_ISA_USAGE = YES_ERROR;
				CLANG_WARN_DOCUMENTATION_COMMENTS = YES;
				CLANG_WARN_EMPTY_BODY = YES;
				CLANG_WARN_ENUM_CONVERSION = YES;
				CLANG_WARN_INFINITE_RECURSION = YES;
				CLANG_WARN_INT_CONVERSION = YES;
				CLANG_WARN_NON_LITERAL_NULL_CONVERSION = YES;
				CLANG_WARN_OBJC_IMPLICIT_RETAIN_SELF = YES;
				CLANG_WARN_OBJC_LITERAL_CONVERSION = YES;
				CLANG_WARN_OBJC_ROOT_CLASS = YES_ERROR;
				CLANG_WARN_QUOTED_INCLUDE_IN_FRAMEWORK_HEADER = YES;
				CLANG_WARN_RANGE_LOOP_ANALYSIS = YES;
				CLANG_WARN_STRICT_PROTOTYPES = YES;
				CLANG_WARN_SUSPICIOUS_MOVE = YES;
				CLANG_WARN_UNGUARDED_AVAILABILITY = YES_AGGRESSIVE;
				CLANG_WARN_UNREACHABLE_CODE = YES;
				CLANG_WARN__DUPLICATE_METHOD_MATCH = YES;
				COPY_PHASE_STRIP = NO;
				DEBUG_INFORMATION_FORMAT = dwarf;
				ENABLE_STRICT_OBJC_MSGSEND = YES;
				ENABLE_TESTABILITY = YES;
				ENABLE_USER_SCRIPT_SANDBOXING = YES;
				GCC_C_LANGUAGE_STANDARD = gnu11;
				GCC_DYNAMIC_NO_PIC = NO;
				GCC_NO_COMMON_BLOCKS = YES;
				GCC_OPTIMIZATION_LEVEL = 0;
				GCC_PREPROCESSOR_DEFINITIONS = (
					"DEBUG=1",
					"$(inherited)",
				);
				GCC_WARN_64_TO_32_BIT_CONVERSION = YES;
				GCC_WARN_ABOUT_RETURN_TYPE = YES_ERROR;
				GCC_WARN_UNDECLARED_SELECTOR = YES;
				GCC_WARN_UNINITIALIZED_AUTOS = YES_AGGRESSIVE;
				GCC_WARN_UNUSED_FUNCTION = YES;
				GCC_WARN_UNUSED_VARIABLE = YES;
				IPHONEOS_DEPLOYMENT_TARGET = 16.0;
				MTL_ENABLE_DEBUG_INFO = INCLUDE_SOURCE;
				MTL_FAST_MATH = YES;
				ONLY_ACTIVE_ARCH = YES;
				SDKROOT = iphoneos;
				SWIFT_ACTIVE_COMPILATION_CONDITIONS = DEBUG;
				SWIFT_OPTIMIZATION_LEVEL = "-Onone";
			};
			name = Debug;
		};
		665BA82128B8711C00EC8C4D /* Release */ = {
			isa = XCBuildConfiguration;
			buildSettings = {
				ALWAYS_SEARCH_USER_PATHS = NO;
				CLANG_ANALYZER_NONNULL = YES;
				CLANG_ANALYZER_NUMBER_OBJECT_CONVERSION = YES_AGGRESSIVE;
				CLANG_CXX_LANGUAGE_STANDARD = "gnu++20";
				CLANG_ENABLE_MODULES = YES;
				CLANG_ENABLE_OBJC_ARC = YES;
				CLANG_ENABLE_OBJC_WEAK = YES;
				CLANG_WARN_BLOCK_CAPTURE_AUTORELEASING = YES;
				CLANG_WARN_BOOL_CONVERSION = YES;
				CLANG_WARN_COMMA = YES;
				CLANG_WARN_CONSTANT_CONVERSION = YES;
				CLANG_WARN_DEPRECATED_OBJC_IMPLEMENTATIONS = YES;
				CLANG_WARN_DIRECT_OBJC_ISA_USAGE = YES_ERROR;
				CLANG_WARN_DOCUMENTATION_COMMENTS = YES;
				CLANG_WARN_EMPTY_BODY = YES;
				CLANG_WARN_ENUM_CONVERSION = YES;
				CLANG_WARN_INFINITE_RECURSION = YES;
				CLANG_WARN_INT_CONVERSION = YES;
				CLANG_WARN_NON_LITERAL_NULL_CONVERSION = YES;
				CLANG_WARN_OBJC_IMPLICIT_RETAIN_SELF = YES;
				CLANG_WARN_OBJC_LITERAL_CONVERSION = YES;
				CLANG_WARN_OBJC_ROOT_CLASS = YES_ERROR;
				CLANG_WARN_QUOTED_INCLUDE_IN_FRAMEWORK_HEADER = YES;
				CLANG_WARN_RANGE_LOOP_ANALYSIS = YES;
				CLANG_WARN_STRICT_PROTOTYPES = YES;
				CLANG_WARN_SUSPICIOUS_MOVE = YES;
				CLANG_WARN_UNGUARDED_AVAILABILITY = YES_AGGRESSIVE;
				CLANG_WARN_UNREACHABLE_CODE = YES;
				CLANG_WARN__DUPLICATE_METHOD_MATCH = YES;
				COPY_PHASE_STRIP = NO;
				DEBUG_INFORMATION_FORMAT = "dwarf-with-dsym";
				ENABLE_NS_ASSERTIONS = NO;
				ENABLE_STRICT_OBJC_MSGSEND = YES;
				ENABLE_USER_SCRIPT_SANDBOXING = YES;
				GCC_C_LANGUAGE_STANDARD = gnu11;
				GCC_NO_COMMON_BLOCKS = YES;
				GCC_WARN_64_TO_32_BIT_CONVERSION = YES;
				GCC_WARN_ABOUT_RETURN_TYPE = YES_ERROR;
				GCC_WARN_UNDECLARED_SELECTOR = YES;
				GCC_WARN_UNINITIALIZED_AUTOS = YES_AGGRESSIVE;
				GCC_WARN_UNUSED_FUNCTION = YES;
				GCC_WARN_UNUSED_VARIABLE = YES;
				IPHONEOS_DEPLOYMENT_TARGET = 16.0;
				MTL_ENABLE_DEBUG_INFO = NO;
				MTL_FAST_MATH = YES;
				SDKROOT = iphoneos;
				SWIFT_COMPILATION_MODE = wholemodule;
				SWIFT_OPTIMIZATION_LEVEL = "-O";
				VALIDATE_PRODUCT = YES;
			};
			name = Release;
		};
		665BA82328B8711C00EC8C4D /* Debug */ = {
			isa = XCBuildConfiguration;
			buildSettings = {
				ASSETCATALOG_COMPILER_APPICON_NAME = AppIcon;
				ASSETCATALOG_COMPILER_GLOBAL_ACCENT_COLOR_NAME = AccentColor;
				CODE_SIGN_STYLE = Automatic;
				CURRENT_PROJECT_VERSION = 1;
				DEVELOPMENT_TEAM = "";
				GENERATE_INFOPLIST_FILE = YES;
				INFOPLIST_FILE = "FunActivities-starter/Info.plist";
				INFOPLIST_KEY_UIApplicationSupportsIndirectInputEvents = YES;
				INFOPLIST_KEY_UILaunchStoryboardName = LaunchScreen;
				INFOPLIST_KEY_UIMainStoryboardFile = Main;
				INFOPLIST_KEY_UISupportedInterfaceOrientations_iPad = "UIInterfaceOrientationPortrait UIInterfaceOrientationPortraitUpsideDown UIInterfaceOrientationLandscapeLeft UIInterfaceOrientationLandscapeRight";
				INFOPLIST_KEY_UISupportedInterfaceOrientations_iPhone = "UIInterfaceOrientationPortrait UIInterfaceOrientationLandscapeLeft UIInterfaceOrientationLandscapeRight";
				LD_RUNPATH_SEARCH_PATHS = (
					"$(inherited)",
					"@executable_path/Frameworks",
				);
				MARKETING_VERSION = 1.0;
				PRODUCT_BUNDLE_IDENTIFIER = "com.example.FunActivities-starter";
				PRODUCT_NAME = "$(TARGET_NAME)";
				SWIFT_EMIT_LOC_STRINGS = YES;
				SWIFT_VERSION = 5.0;
				TARGETED_DEVICE_FAMILY = "1,2";
			};
			name = Debug;
		};
		665BA82428B8711C00EC8C4D /* Release */ = {
			isa = XCBuildConfiguration;
			buildSettings = {
				ASSETCATALOG_COMPILER_APPICON_NAME = AppIcon;
				ASSETCATALOG_COMPILER_GLOBAL_ACCENT_COLOR_NAME = AccentColor;
				CODE_SIGN_STYLE = Automatic;
				CURRENT_PROJECT_VERSION = 1;
				DEVELOPMENT_TEAM = "";
				GENERATE_INFOPLIST_FILE = YES;
				INFOPLIST_FILE = "FunActivities-starter/Info.plist";
				INFOPLIST_KEY_UIApplicationSupportsIndirectInputEvents = YES;
				INFOPLIST_KEY_UILaunchStoryboardName = LaunchScreen;
				INFOPLIST_KEY_UIMainStoryboardFile = Main;
				INFOPLIST_KEY_UISupportedInterfaceOrientations_iPad = "UIInterfaceOrientationPortrait UIInterfaceOrientationPortraitUpsideDown UIInterfaceOrientationLandscapeLeft UIInterfaceOrientationLandscapeRight";
				INFOPLIST_KEY_UISupportedInterfaceOrientations_iPhone = "UIInterfaceOrientationPortrait UIInterfaceOrientationLandscapeLeft UIInterfaceOrientationLandscapeRight";
				LD_RUNPATH_SEARCH_PATHS = (
					"$(inherited)",
					"@executable_path/Frameworks",
				);
				MARKETING_VERSION = 1.0;
				PRODUCT_BUNDLE_IDENTIFIER = "com.example.FunActivities-starter";
				PRODUCT_NAME = "$(TARGET_NAME)";
				SWIFT_EMIT_LOC_STRINGS = YES;
				SWIFT_VERSION = 5.0;
				TARGETED_DEVICE_FAMILY = "1,2";
			};
			name = Release;
		};
/* End XCBuildConfiguration section */

/* Begin XCConfigurationList section */
		665BA80928B8711B00EC8C4D /* Build configuration list for PBXProject "FunActivities-starter" */ = {
			isa = XCConfigurationList;
			buildConfigurations = (
				665BA82028B8711C00EC8C4D /* Debug */,
				665BA82128B8711C00EC8C4D /* Release */,
			);
			defaultConfigurationIsVisible = 0;
			defaultConfigurationName = Release;
		};
		665BA82228B8711C00EC8C4D /* Build configuration list for PBXNativeTarget "FunActivities-starter" */ = {
			isa = XCConfigurationList;
			buildConfigurations = (
				665BA82328B8711C00EC8C4D /* Debug */,
				665BA82428B8711C00EC8C4D /* Release */,
			);
			defaultConfigurationIsVisible = 0;
			defaultConfigurationName = Release;
		};
/* End XCConfigurationList section */
	};
	rootObject = 665BA80628B8711B00EC8C4D /* Project object */;
}
