// !$*UTF8*$!
{
	archiveVersion = 1;
	classes = {
	};
	objectVersion = 56;
	objects = {

/* Begin PBXBuildFile section */
		664876C328BBB8D000C25109 /* AppDelegate.swift in Sources */ = {isa = PBXBuildFile; fileRef = 664876C228BBB8D000C25109 /* AppDelegate.swift */; };
		664876C528BBB8D000C25109 /* SceneDelegate.swift in Sources */ = {isa = PBXBuildFile; fileRef = 664876C428BBB8D000C25109 /* SceneDelegate.swift */; };
		664876C728BBB8D000C25109 /* DinnerViewController.swift in Sources */ = {isa = PBXBuildFile; fileRef = 664876C628BBB8D000C25109 /* DinnerViewController.swift */; };
		664876CA28BBB8D000C25109 /* Main.storyboard in Resources */ = {isa = PBXBuildFile; fileRef = 664876C828BBB8D000C25109 /* Main.storyboard */; };
		664876CC28BBB8D100C25109 /* Assets.xcassets in Resources */ = {isa = PBXBuildFile; fileRef = 664876CB28BBB8D100C25109 /* Assets.xcassets */; };
		664876CF28BBB8D100C25109 /* LaunchScreen.storyboard in Resources */ = {isa = PBXBuildFile; fileRef = 664876CD28BBB8D100C25109 /* LaunchScreen.storyboard */; };
		664876D828BBB9AE00C25109 /* DinnerTimeController.swift in Sources */ = {isa = PBXBuildFile; fileRef = 664876D728BBB9AE00C25109 /* DinnerTimeController.swift */; };
		664876DA28BBB9C200C25109 /* Recipe.swift in Sources */ = {isa = PBXBuildFile; fileRef = 664876D928BBB9C200C25109 /* Recipe.swift */; };
		664876DC28BBB9DF00C25109 /* RecipeController.swift in Sources */ = {isa = PBXBuildFile; fileRef = 664876DB28BBB9DF00C25109 /* RecipeController.swift */; };
		664876DE28BBBB0600C25109 /* RecipeViewController.swift in Sources */ = {isa = PBXBuildFile; fileRef = 664876DD28BBBB0600C25109 /* RecipeViewController.swift */; };
		A42303A82ADDCA0500C77A39 /* WidgetKit.framework in Frameworks */ = {isa = PBXBuildFile; fileRef = A42303A72ADDCA0500C77A39 /* WidgetKit.framework */; };
		A42303AA2ADDCA0500C77A39 /* SwiftUI.framework in Frameworks */ = {isa = PBXBuildFile; fileRef = A42303A92ADDCA0500C77A39 /* SwiftUI.framework */; };
		A42303AD2ADDCA0500C77A39 /* DinnerWidgetBundle.swift in Sources */ = {isa = PBXBuildFile; fileRef = A42303AC2ADDCA0500C77A39 /* DinnerWidgetBundle.swift */; };
		A42303AF2ADDCA0500C77A39 /* DinnerWidget.swift in Sources */ = {isa = PBXBuildFile; fileRef = A42303AE2ADDCA0500C77A39 /* DinnerWidget.swift */; };
		A42303B12ADDCA0600C77A39 /* Assets.xcassets in Resources */ = {isa = PBXBuildFile; fileRef = A42303B02ADDCA0600C77A39 /* Assets.xcassets */; };
		A42303B52ADDCA0600C77A39 /* DinnerWidgetExtension.appex in Embed Foundation Extensions */ = {isa = PBXBuildFile; fileRef = A42303A52ADDCA0500C77A39 /* DinnerWidgetExtension.appex */; settings = {ATTRIBUTES = (RemoveHeadersOnCopy, ); }; };
		A42303BB2ADDCE0800C77A39 /* DinnerEntry.swift in Sources */ = {isa = PBXBuildFile; fileRef = A42303BA2ADDCE0800C77A39 /* DinnerEntry.swift */; };
		A42303BC2ADDCE1600C77A39 /* DinnerTimeController.swift in Sources */ = {isa = PBXBuildFile; fileRef = 664876D728BBB9AE00C25109 /* DinnerTimeController.swift */; };
		A42303BD2ADDCE1600C77A39 /* RecipeController.swift in Sources */ = {isa = PBXBuildFile; fileRef = 664876DB28BBB9DF00C25109 /* RecipeController.swift */; };
		A42303BE2ADDCE1600C77A39 /* Recipe.swift in Sources */ = {isa = PBXBuildFile; fileRef = 664876D928BBB9C200C25109 /* Recipe.swift */; };
		A42303C02ADDCE5F00C77A39 /* RecipeController+sampleRecipe.swift in Sources */ = {isa = PBXBuildFile; fileRef = A42303BF2ADDCE5F00C77A39 /* RecipeController+sampleRecipe.swift */; };
		A42303C22ADDD20700C77A39 /* DinnerWidgetEntryView.swift in Sources */ = {isa = PBXBuildFile; fileRef = A42303C12ADDD20700C77A39 /* DinnerWidgetEntryView.swift */; };
/* End PBXBuildFile section */

/* Begin PBXContainerItemProxy section */
		A42303B32ADDCA0600C77A39 /* PBXContainerItemProxy */ = {
			isa = PBXContainerItemProxy;
			containerPortal = 664876B728BBB8D000C25109 /* Project object */;
			proxyType = 1;
			remoteGlobalIDString = A42303A42ADDCA0500C77A39;
			remoteInfo = DinnerWidgetExtension;
		};
/* End PBXContainerItemProxy section */

/* Begin PBXCopyFilesBuildPhase section */
		A42303B62ADDCA0600C77A39 /* Embed Foundation Extensions */ = {
			isa = PBXCopyFilesBuildPhase;
			buildActionMask = 2147483647;
			dstPath = "";
			dstSubfolderSpec = 13;
			files = (
				A42303B52ADDCA0600C77A39 /* DinnerWidgetExtension.appex in Embed Foundation Extensions */,
			);
			name = "Embed Foundation Extensions";
			runOnlyForDeploymentPostprocessing = 0;
		};
/* End PBXCopyFilesBuildPhase section */

/* Begin PBXFileReference section */
		664876BF28BBB8D000C25109 /* DinnerPlan-final.app */ = {isa = PBXFileReference; explicitFileType = wrapper.application; includeInIndex = 0; path = "DinnerPlan-final.app"; sourceTree = BUILT_PRODUCTS_DIR; };
		664876C228BBB8D000C25109 /* AppDelegate.swift */ = {isa = PBXFileReference; lastKnownFileType = sourcecode.swift; path = AppDelegate.swift; sourceTree = "<group>"; };
		664876C428BBB8D000C25109 /* SceneDelegate.swift */ = {isa = PBXFileReference; lastKnownFileType = sourcecode.swift; path = SceneDelegate.swift; sourceTree = "<group>"; };
		664876C628BBB8D000C25109 /* DinnerViewController.swift */ = {isa = PBXFileReference; lastKnownFileType = sourcecode.swift; path = DinnerViewController.swift; sourceTree = "<group>"; };
		664876C928BBB8D000C25109 /* Base */ = {isa = PBXFileReference; lastKnownFileType = file.storyboard; name = Base; path = Base.lproj/Main.storyboard; sourceTree = "<group>"; };
		664876CB28BBB8D100C25109 /* Assets.xcassets */ = {isa = PBXFileReference; lastKnownFileType = folder.assetcatalog; path = Assets.xcassets; sourceTree = "<group>"; };
		664876CE28BBB8D100C25109 /* Base */ = {isa = PBXFileReference; lastKnownFileType = file.storyboard; name = Base; path = Base.lproj/LaunchScreen.storyboard; sourceTree = "<group>"; };
		664876D028BBB8D100C25109 /* Info.plist */ = {isa = PBXFileReference; lastKnownFileType = text.plist.xml; path = Info.plist; sourceTree = "<group>"; };
		664876D728BBB9AE00C25109 /* DinnerTimeController.swift */ = {isa = PBXFileReference; lastKnownFileType = sourcecode.swift; path = DinnerTimeController.swift; sourceTree = "<group>"; };
		664876D928BBB9C200C25109 /* Recipe.swift */ = {isa = PBXFileReference; lastKnownFileType = sourcecode.swift; path = Recipe.swift; sourceTree = "<group>"; };
		664876DB28BBB9DF00C25109 /* RecipeController.swift */ = {isa = PBXFileReference; lastKnownFileType = sourcecode.swift; path = RecipeController.swift; sourceTree = "<group>"; };
		664876DD28BBBB0600C25109 /* RecipeViewController.swift */ = {isa = PBXFileReference; lastKnownFileType = sourcecode.swift; path = RecipeViewController.swift; sourceTree = "<group>"; };
		668C9E8828BD6A310008F5BF /* DinnerPlan-final.entitlements */ = {isa = PBXFileReference; lastKnownFileType = text.plist.entitlements; path = "DinnerPlan-final.entitlements"; sourceTree = "<group>"; };
		A42303A52ADDCA0500C77A39 /* DinnerWidgetExtension.appex */ = {isa = PBXFileReference; explicitFileType = "wrapper.app-extension"; includeInIndex = 0; path = DinnerWidgetExtension.appex; sourceTree = BUILT_PRODUCTS_DIR; };
		A42303A72ADDCA0500C77A39 /* WidgetKit.framework */ = {isa = PBXFileReference; lastKnownFileType = wrapper.framework; name = WidgetKit.framework; path = System/Library/Frameworks/WidgetKit.framework; sourceTree = SDKROOT; };
		A42303A92ADDCA0500C77A39 /* SwiftUI.framework */ = {isa = PBXFileReference; lastKnownFileType = wrapper.framework; name = SwiftUI.framework; path = System/Library/Frameworks/SwiftUI.framework; sourceTree = SDKROOT; };
		A42303AC2ADDCA0500C77A39 /* DinnerWidgetBundle.swift */ = {isa = PBXFileReference; lastKnownFileType = sourcecode.swift; path = DinnerWidgetBundle.swift; sourceTree = "<group>"; };
		A42303AE2ADDCA0500C77A39 /* DinnerWidget.swift */ = {isa = PBXFileReference; lastKnownFileType = sourcecode.swift; path = DinnerWidget.swift; sourceTree = "<group>"; };
		A42303B02ADDCA0600C77A39 /* Assets.xcassets */ = {isa = PBXFileReference; lastKnownFileType = folder.assetcatalog; path = Assets.xcassets; sourceTree = "<group>"; };
		A42303B22ADDCA0600C77A39 /* Info.plist */ = {isa = PBXFileReference; lastKnownFileType = text.plist.xml; path = Info.plist; sourceTree = "<group>"; };
		A42303BA2ADDCE0800C77A39 /* DinnerEntry.swift */ = {isa = PBXFileReference; lastKnownFileType = sourcecode.swift; path = DinnerEntry.swift; sourceTree = "<group>"; };
		A42303BF2ADDCE5F00C77A39 /* RecipeController+sampleRecipe.swift */ = {isa = PBXFileReference; lastKnownFileType = sourcecode.swift; path = "RecipeController+sampleRecipe.swift"; sourceTree = "<group>"; };
		A42303C12ADDD20700C77A39 /* DinnerWidgetEntryView.swift */ = {isa = PBXFileReference; lastKnownFileType = sourcecode.swift; path = DinnerWidgetEntryView.swift; sourceTree = "<group>"; };
		A42303C32ADDFC0E00C77A39 /* DinnerWidgetExtension.entitlements */ = {isa = PBXFileReference; lastKnownFileType = text.plist.entitlements; path = DinnerWidgetExtension.entitlements; sourceTree = "<group>"; };
		A42A779C2AEB5F5800B34D79 /* SampleCode.xcconfig */ = {isa = PBXFileReference; lastKnownFileType = text.xcconfig; path = SampleCode.xcconfig; sourceTree = "<group>"; };
/* End PBXFileReference section */

/* Begin PBXFrameworksBuildPhase section */
		664876BC28BBB8D000C25109 /* Frameworks */ = {
			isa = PBXFrameworksBuildPhase;
			buildActionMask = 2147483647;
			files = (
			);
			runOnlyForDeploymentPostprocessing = 0;
		};
		A42303A22ADDCA0500C77A39 /* Frameworks */ = {
			isa = PBXFrameworksBuildPhase;
			buildActionMask = 2147483647;
			files = (
				A42303AA2ADDCA0500C77A39 /* SwiftUI.framework in Frameworks */,
				A42303A82ADDCA0500C77A39 /* WidgetKit.framework in Frameworks */,
			);
			runOnlyForDeploymentPostprocessing = 0;
		};
/* End PBXFrameworksBuildPhase section */

/* Begin PBXGroup section */
		664876B628BBB8D000C25109 = {
			isa = PBXGroup;
			children = (
				A42A779B2AEB5F2B00B34D79 /* Configuration */,
				A42303C32ADDFC0E00C77A39 /* DinnerWidgetExtension.entitlements */,
				664876C128BBB8D000C25109 /* DinnerPlan-final */,
				A42303AB2ADDCA0500C77A39 /* DinnerWidget */,
				A42303A62ADDCA0500C77A39 /* Frameworks */,
				664876C028BBB8D000C25109 /* Products */,
			);
			sourceTree = "<group>";
		};
		664876C028BBB8D000C25109 /* Products */ = {
			isa = PBXGroup;
			children = (
				664876BF28BBB8D000C25109 /* DinnerPlan-final.app */,
				A42303A52ADDCA0500C77A39 /* DinnerWidgetExtension.appex */,
			);
			name = Products;
			sourceTree = "<group>";
		};
		664876C128BBB8D000C25109 /* DinnerPlan-final */ = {
			isa = PBXGroup;
			children = (
				668C9E8828BD6A310008F5BF /* DinnerPlan-final.entitlements */,
				664876D628BBB99F00C25109 /* Data */,
				664876C228BBB8D000C25109 /* AppDelegate.swift */,
				664876C428BBB8D000C25109 /* SceneDelegate.swift */,
				664876C628BBB8D000C25109 /* DinnerViewController.swift */,
				664876DD28BBBB0600C25109 /* RecipeViewController.swift */,
				664876C828BBB8D000C25109 /* Main.storyboard */,
				664876CB28BBB8D100C25109 /* Assets.xcassets */,
				664876CD28BBB8D100C25109 /* LaunchScreen.storyboard */,
				664876D028BBB8D100C25109 /* Info.plist */,
			);
			path = "DinnerPlan-final";
			sourceTree = "<group>";
		};
		664876D628BBB99F00C25109 /* Data */ = {
			isa = PBXGroup;
			children = (
				664876D728BBB9AE00C25109 /* DinnerTimeController.swift */,
				664876D928BBB9C200C25109 /* Recipe.swift */,
				664876DB28BBB9DF00C25109 /* RecipeController.swift */,
			);
			path = Data;
			sourceTree = "<group>";
		};
		A42303A62ADDCA0500C77A39 /* Frameworks */ = {
			isa = PBXGroup;
			children = (
				A42303A72ADDCA0500C77A39 /* WidgetKit.framework */,
				A42303A92ADDCA0500C77A39 /* SwiftUI.framework */,
			);
			name = Frameworks;
			sourceTree = "<group>";
		};
		A42303AB2ADDCA0500C77A39 /* DinnerWidget */ = {
			isa = PBXGroup;
			children = (
				A42303AC2ADDCA0500C77A39 /* DinnerWidgetBundle.swift */,
				A42303AE2ADDCA0500C77A39 /* DinnerWidget.swift */,
				A42303B02ADDCA0600C77A39 /* Assets.xcassets */,
				A42303B22ADDCA0600C77A39 /* Info.plist */,
				A42303BA2ADDCE0800C77A39 /* DinnerEntry.swift */,
				A42303BF2ADDCE5F00C77A39 /* RecipeController+sampleRecipe.swift */,
				A42303C12ADDD20700C77A39 /* DinnerWidgetEntryView.swift */,
			);
			path = DinnerWidget;
			sourceTree = "<group>";
		};
		A42A779B2AEB5F2B00B34D79 /* Configuration */ = {
			isa = PBXGroup;
			children = (
				A42A779C2AEB5F5800B34D79 /* SampleCode.xcconfig */,
			);
			path = Configuration;
			sourceTree = "<group>";
		};
/* End PBXGroup section */

/* Begin PBXNativeTarget section */
		664876BE28BBB8D000C25109 /* DinnerPlan-final */ = {
			isa = PBXNativeTarget;
			buildConfigurationList = 664876D328BBB8D100C25109 /* Build configuration list for PBXNativeTarget "DinnerPlan-final" */;
			buildPhases = (
				664876BB28BBB8D000C25109 /* Sources */,
				664876BC28BBB8D000C25109 /* Frameworks */,
				664876BD28BBB8D000C25109 /* Resources */,
				A42303B62ADDCA0600C77A39 /* Embed Foundation Extensions */,
			);
			buildRules = (
			);
			dependencies = (
				A42303B42ADDCA0600C77A39 /* PBXTargetDependency */,
			);
			name = "DinnerPlan-final";
			productName = "DinnerPlan-starter";
			productReference = 664876BF28BBB8D000C25109 /* DinnerPlan-final.app */;
			productType = "com.apple.product-type.application";
		};
		A42303A42ADDCA0500C77A39 /* DinnerWidgetExtension */ = {
			isa = PBXNativeTarget;
			buildConfigurationList = A42303B92ADDCA0600C77A39 /* Build configuration list for PBXNativeTarget "DinnerWidgetExtension" */;
			buildPhases = (
				A42303A12ADDCA0500C77A39 /* Sources */,
				A42303A22ADDCA0500C77A39 /* Frameworks */,
				A42303A32ADDCA0500C77A39 /* Resources */,
			);
			buildRules = (
			);
			dependencies = (
			);
			name = DinnerWidgetExtension;
			productName = DinnerWidgetExtension;
			productReference = A42303A52ADDCA0500C77A39 /* DinnerWidgetExtension.appex */;
			productType = "com.apple.product-type.app-extension";
		};
/* End PBXNativeTarget section */

/* Begin PBXProject section */
		664876B728BBB8D000C25109 /* Project object */ = {
			isa = PBXProject;
			attributes = {
				BuildIndependentTargetsInParallel = 1;
				LastSwiftUpdateCheck = 1500;
				LastUpgradeCheck = 1500;
				TargetAttributes = {
					664876BE28BBB8D000C25109 = {
						CreatedOnToolsVersion = 14.0;
					};
					A42303A42ADDCA0500C77A39 = {
						CreatedOnToolsVersion = 15.0;
					};
				};
			};
			buildConfigurationList = 664876BA28BBB8D000C25109 /* Build configuration list for PBXProject "DinnerPlan-final" */;
			compatibilityVersion = "Xcode 14.0";
			developmentRegion = en;
			hasScannedForEncodings = 0;
			knownRegions = (
				en,
				Base,
			);
			mainGroup = 664876B628BBB8D000C25109;
			productRefGroup = 664876C028BBB8D000C25109 /* Products */;
			projectDirPath = "";
			projectRoot = "";
			targets = (
				664876BE28BBB8D000C25109 /* DinnerPlan-final */,
				A42303A42ADDCA0500C77A39 /* DinnerWidgetExtension */,
			);
		};
/* End PBXProject section */

/* Begin PBXResourcesBuildPhase section */
		664876BD28BBB8D000C25109 /* Resources */ = {
			isa = PBXResourcesBuildPhase;
			buildActionMask = 2147483647;
			files = (
				664876CF28BBB8D100C25109 /* LaunchScreen.storyboard in Resources */,
				664876CC28BBB8D100C25109 /* Assets.xcassets in Resources */,
				664876CA28BBB8D000C25109 /* Main.storyboard in Resources */,
			);
			runOnlyForDeploymentPostprocessing = 0;
		};
		A42303A32ADDCA0500C77A39 /* Resources */ = {
			isa = PBXResourcesBuildPhase;
			buildActionMask = 2147483647;
			files = (
				A42303B12ADDCA0600C77A39 /* Assets.xcassets in Resources */,
			);
			runOnlyForDeploymentPostprocessing = 0;
		};
/* End PBXResourcesBuildPhase section */

/* Begin PBXSourcesBuildPhase section */
		664876BB28BBB8D000C25109 /* Sources */ = {
			isa = PBXSourcesBuildPhase;
			buildActionMask = 2147483647;
			files = (
				664876D828BBB9AE00C25109 /* DinnerTimeController.swift in Sources */,
				664876C728BBB8D000C25109 /* DinnerViewController.swift in Sources */,
				664876DE28BBBB0600C25109 /* RecipeViewController.swift in Sources */,
				664876C328BBB8D000C25109 /* AppDelegate.swift in Sources */,
				664876C528BBB8D000C25109 /* SceneDelegate.swift in Sources */,
				664876DA28BBB9C200C25109 /* Recipe.swift in Sources */,
				664876DC28BBB9DF00C25109 /* RecipeController.swift in Sources */,
			);
			runOnlyForDeploymentPostprocessing = 0;
		};
		A42303A12ADDCA0500C77A39 /* Sources */ = {
			isa = PBXSourcesBuildPhase;
			buildActionMask = 2147483647;
			files = (
				A42303BC2ADDCE1600C77A39 /* DinnerTimeController.swift in Sources */,
				A42303C02ADDCE5F00C77A39 /* RecipeController+sampleRecipe.swift in Sources */,
				A42303BB2ADDCE0800C77A39 /* DinnerEntry.swift in Sources */,
				A42303AD2ADDCA0500C77A39 /* DinnerWidgetBundle.swift in Sources */,
				A42303BE2ADDCE1600C77A39 /* Recipe.swift in Sources */,
				A42303BD2ADDCE1600C77A39 /* RecipeController.swift in Sources */,
				A42303AF2ADDCA0500C77A39 /* DinnerWidget.swift in Sources */,
				A42303C22ADDD20700C77A39 /* DinnerWidgetEntryView.swift in Sources */,
			);
			runOnlyForDeploymentPostprocessing = 0;
		};
/* End PBXSourcesBuildPhase section */

/* Begin PBXTargetDependency section */
		A42303B42ADDCA0600C77A39 /* PBXTargetDependency */ = {
			isa = PBXTargetDependency;
			target = A42303A42ADDCA0500C77A39 /* DinnerWidgetExtension */;
			targetProxy = A42303B32ADDCA0600C77A39 /* PBXContainerItemProxy */;
		};
/* End PBXTargetDependency section */

/* Begin PBXVariantGroup section */
		664876C828BBB8D000C25109 /* Main.storyboard */ = {
			isa = PBXVariantGroup;
			children = (
				664876C928BBB8D000C25109 /* Base */,
			);
			name = Main.storyboard;
			sourceTree = "<group>";
		};
		664876CD28BBB8D100C25109 /* LaunchScreen.storyboard */ = {
			isa = PBXVariantGroup;
			children = (
				664876CE28BBB8D100C25109 /* Base */,
			);
			name = LaunchScreen.storyboard;
			sourceTree = "<group>";
		};
/* End PBXVariantGroup section */

/* Begin XCBuildConfiguration section */
		664876D128BBB8D100C25109 /* Debug */ = {
			isa = XCBuildConfiguration;
			baseConfigurationReference = A42A779C2AEB5F5800B34D79 /* SampleCode.xcconfig */;
			buildSettings = {
				ALWAYS_SEARCH_USER_PATHS = NO;
				CLANG_ANALYZER_NONNULL = YES;
				CLANG_ANALYZER_NUMBER_OBJECT_CONVERSION = YES_AGGRESSIVE;
				CLANG_CXX_LANGUAGE_STANDARD = "gnu++20";
				CLANG_ENABLE_MODULES = YES;
				CLANG_ENABLE_OBJC_ARC = YES;
				CLANG_ENABLE_OBJC_WEAK = YES;
				CLANG_WARN_BLOCK_CAPTURE_AUTORELEASING = YES;
				CLANG_WARN_BOOL_CONVERSION = YES;
				CLANG_WARN_COMMA = YES;
				CLANG_WARN_CONSTANT_CONVERSION = YES;
				CLANG_WARN_DEPRECATED_OBJC_IMPLEMENTATIONS = YES;
				CLANG_WARN_DIRECT_OBJC_ISA_USAGE = YES_ERROR;
				CLANG_WARN_DOCUMENTATION_COMMENTS = YES;
				CLANG_WARN_EMPTY_BODY = YES;
				CLANG_WARN_ENUM_CONVERSION = YES;
				CLANG_WARN_INFINITE_RECURSION = YES;
				CLANG_WARN_INT_CONVERSION = YES;
				CLANG_WARN_NON_LITERAL_NULL_CONVERSION = YES;
				CLANG_WARN_OBJC_IMPLICIT_RETAIN_SELF = YES;
				CLANG_WARN_OBJC_LITERAL_CONVERSION = YES;
				CLANG_WARN_OBJC_ROOT_CLASS = YES_ERROR;
				CLANG_WARN_QUOTED_INCLUDE_IN_FRAMEWORK_HEADER = YES;
				CLANG_WARN_RANGE_LOOP_ANALYSIS = YES;
				CLANG_WARN_STRICT_PROTOTYPES = YES;
				CLANG_WARN_SUSPICIOUS_MOVE = YES;
				CLANG_WARN_UNGUARDED_AVAILABILITY = YES_AGGRESSIVE;
				CLANG_WARN_UNREACHABLE_CODE = YES;
				CLANG_WARN__DUPLICATE_METHOD_MATCH = YES;
				COPY_PHASE_STRIP = NO;
				DEBUG_INFORMATION_FORMAT = dwarf;
				ENABLE_STRICT_OBJC_MSGSEND = YES;
				ENABLE_TESTABILITY = YES;
				ENABLE_USER_SCRIPT_SANDBOXING = YES;
				GCC_C_LANGUAGE_STANDARD = gnu11;
				GCC_DYNAMIC_NO_PIC = NO;
				GCC_NO_COMMON_BLOCKS = YES;
				GCC_OPTIMIZATION_LEVEL = 0;
				GCC_PREPROCESSOR_DEFINITIONS = (
					"DEBUG=1",
					"$(inherited)",
				);
				GCC_WARN_64_TO_32_BIT_CONVERSION = YES;
				GCC_WARN_ABOUT_RETURN_TYPE = YES_ERROR;
				GCC_WARN_UNDECLARED_SELECTOR = YES;
				GCC_WARN_UNINITIALIZED_AUTOS = YES_AGGRESSIVE;
				GCC_WARN_UNUSED_FUNCTION = YES;
				GCC_WARN_UNUSED_VARIABLE = YES;
				IPHONEOS_DEPLOYMENT_TARGET = 16.0;
				MTL_ENABLE_DEBUG_INFO = INCLUDE_SOURCE;
				MTL_FAST_MATH = YES;
				ONLY_ACTIVE_ARCH = YES;
				SDKROOT = iphoneos;
				SWIFT_ACTIVE_COMPILATION_CONDITIONS = DEBUG;
				SWIFT_OPTIMIZATION_LEVEL = "-Onone";
			};
			name = Debug;
		};
		664876D228BBB8D100C25109 /* Release */ = {
			isa = XCBuildConfiguration;
			baseConfigurationReference = A42A779C2AEB5F5800B34D79 /* SampleCode.xcconfig */;
			buildSettings = {
				ALWAYS_SEARCH_USER_PATHS = NO;
				CLANG_ANALYZER_NONNULL = YES;
				CLANG_ANALYZER_NUMBER_OBJECT_CONVERSION = YES_AGGRESSIVE;
				CLANG_CXX_LANGUAGE_STANDARD = "gnu++20";
				CLANG_ENABLE_MODULES = YES;
				CLANG_ENABLE_OBJC_ARC = YES;
				CLANG_ENABLE_OBJC_WEAK = YES;
				CLANG_WARN_BLOCK_CAPTURE_AUTORELEASING = YES;
				CLANG_WARN_BOOL_CONVERSION = YES;
				CLANG_WARN_COMMA = YES;
				CLANG_WARN_CONSTANT_CONVERSION = YES;
				CLANG_WARN_DEPRECATED_OBJC_IMPLEMENTATIONS = YES;
				CLANG_WARN_DIRECT_OBJC_ISA_USAGE = YES_ERROR;
				CLANG_WARN_DOCUMENTATION_COMMENTS = YES;
				CLANG_WARN_EMPTY_BODY = YES;
				CLANG_WARN_ENUM_CONVERSION = YES;
				CLANG_WARN_INFINITE_RECURSION = YES;
				CLANG_WARN_INT_CONVERSION = YES;
				CLANG_WARN_NON_LITERAL_NULL_CONVERSION = YES;
				CLANG_WARN_OBJC_IMPLICIT_RETAIN_SELF = YES;
				CLANG_WARN_OBJC_LITERAL_CONVERSION = YES;
				CLANG_WARN_OBJC_ROOT_CLASS = YES_ERROR;
				CLANG_WARN_QUOTED_INCLUDE_IN_FRAMEWORK_HEADER = YES;
				CLANG_WARN_RANGE_LOOP_ANALYSIS = YES;
				CLANG_WARN_STRICT_PROTOTYPES = YES;
				CLANG_WARN_SUSPICIOUS_MOVE = YES;
				CLANG_WARN_UNGUARDED_AVAILABILITY = YES_AGGRESSIVE;
				CLANG_WARN_UNREACHABLE_CODE = YES;
				CLANG_WARN__DUPLICATE_METHOD_MATCH = YES;
				COPY_PHASE_STRIP = NO;
				DEBUG_INFORMATION_FORMAT = "dwarf-with-dsym";
				ENABLE_NS_ASSERTIONS = NO;
				ENABLE_STRICT_OBJC_MSGSEND = YES;
				ENABLE_USER_SCRIPT_SANDBOXING = YES;
				GCC_C_LANGUAGE_STANDARD = gnu11;
				GCC_NO_COMMON_BLOCKS = YES;
				GCC_WARN_64_TO_32_BIT_CONVERSION = YES;
				GCC_WARN_ABOUT_RETURN_TYPE = YES_ERROR;
				GCC_WARN_UNDECLARED_SELECTOR = YES;
				GCC_WARN_UNINITIALIZED_AUTOS = YES_AGGRESSIVE;
				GCC_WARN_UNUSED_FUNCTION = YES;
				GCC_WARN_UNUSED_VARIABLE = YES;
				IPHONEOS_DEPLOYMENT_TARGET = 16.0;
				MTL_ENABLE_DEBUG_INFO = NO;
				MTL_FAST_MATH = YES;
				SDKROOT = iphoneos;
				SWIFT_COMPILATION_MODE = wholemodule;
				SWIFT_OPTIMIZATION_LEVEL = "-O";
				VALIDATE_PRODUCT = YES;
			};
			name = Release;
		};
		664876D428BBB8D100C25109 /* Debug */ = {
			isa = XCBuildConfiguration;
			baseConfigurationReference = A42A779C2AEB5F5800B34D79 /* SampleCode.xcconfig */;
			buildSettings = {
				ALWAYS_EMBED_SWIFT_STANDARD_LIBRARIES = YES;
				ASSETCATALOG_COMPILER_APPICON_NAME = AppIcon;
				ASSETCATALOG_COMPILER_GLOBAL_ACCENT_COLOR_NAME = AccentColor;
				CODE_SIGN_ENTITLEMENTS = "DinnerPlan-final/DinnerPlan-final.entitlements";
				CODE_SIGN_STYLE = Automatic;
				CURRENT_PROJECT_VERSION = 1;
				DEVELOPMENT_TEAM = "";
				GENERATE_INFOPLIST_FILE = YES;
				INFOPLIST_FILE = "DinnerPlan-final/Info.plist";
				INFOPLIST_KEY_UIApplicationSupportsIndirectInputEvents = YES;
				INFOPLIST_KEY_UILaunchStoryboardName = LaunchScreen;
				INFOPLIST_KEY_UIMainStoryboardFile = Main;
				INFOPLIST_KEY_UISupportedInterfaceOrientations_iPad = "UIInterfaceOrientationPortrait UIInterfaceOrientationPortraitUpsideDown UIInterfaceOrientationLandscapeLeft UIInterfaceOrientationLandscapeRight";
				INFOPLIST_KEY_UISupportedInterfaceOrientations_iPhone = "UIInterfaceOrientationPortrait UIInterfaceOrientationLandscapeLeft UIInterfaceOrientationLandscapeRight";
				IPHONEOS_DEPLOYMENT_TARGET = 15.0;
				LD_RUNPATH_SEARCH_PATHS = (
					"$(inherited)",
					"@executable_path/Frameworks",
				);
				MARKETING_VERSION = 1.0;
				PRODUCT_BUNDLE_IDENTIFIER = "com.example.DinnerPlan-final.${SAMPLE_CODE_DISAMBIGUATOR}";
				PRODUCT_NAME = "$(TARGET_NAME)";
				SWIFT_EMIT_LOC_STRINGS = YES;
				SWIFT_VERSION = 5.0;
				TARGETED_DEVICE_FAMILY = "1,2";
			};
			name = Debug;
		};
		664876D528BBB8D100C25109 /* Release */ = {
			isa = XCBuildConfiguration;
			baseConfigurationReference = A42A779C2AEB5F5800B34D79 /* SampleCode.xcconfig */;
			buildSettings = {
				ALWAYS_EMBED_SWIFT_STANDARD_LIBRARIES = YES;
				ASSETCATALOG_COMPILER_APPICON_NAME = AppIcon;
				ASSETCATALOG_COMPILER_GLOBAL_ACCENT_COLOR_NAME = AccentColor;
				CODE_SIGN_ENTITLEMENTS = "DinnerPlan-final/DinnerPlan-final.entitlements";
				CODE_SIGN_STYLE = Automatic;
				CURRENT_PROJECT_VERSION = 1;
				DEVELOPMENT_TEAM = "";
				GENERATE_INFOPLIST_FILE = YES;
				INFOPLIST_FILE = "DinnerPlan-final/Info.plist";
				INFOPLIST_KEY_UIApplicationSupportsIndirectInputEvents = YES;
				INFOPLIST_KEY_UILaunchStoryboardName = LaunchScreen;
				INFOPLIST_KEY_UIMainStoryboardFile = Main;
				INFOPLIST_KEY_UISupportedInterfaceOrientations_iPad = "UIInterfaceOrientationPortrait UIInterfaceOrientationPortraitUpsideDown UIInterfaceOrientationLandscapeLeft UIInterfaceOrientationLandscapeRight";
				INFOPLIST_KEY_UISupportedInterfaceOrientations_iPhone = "UIInterfaceOrientationPortrait UIInterfaceOrientationLandscapeLeft UIInterfaceOrientationLandscapeRight";
				IPHONEOS_DEPLOYMENT_TARGET = 15.0;
				LD_RUNPATH_SEARCH_PATHS = (
					"$(inherited)",
					"@executable_path/Frameworks",
				);
				MARKETING_VERSION = 1.0;
				PRODUCT_BUNDLE_IDENTIFIER = "com.example.DinnerPlan-final.${SAMPLE_CODE_DISAMBIGUATOR}";
				PRODUCT_NAME = "$(TARGET_NAME)";
				SWIFT_EMIT_LOC_STRINGS = YES;
				SWIFT_VERSION = 5.0;
				TARGETED_DEVICE_FAMILY = "1,2";
			};
			name = Release;
		};
		A42303B72ADDCA0600C77A39 /* Debug */ = {
			isa = XCBuildConfiguration;
			baseConfigurationReference = A42A779C2AEB5F5800B34D79 /* SampleCode.xcconfig */;
			buildSettings = {
				ASSETCATALOG_COMPILER_GENERATE_SWIFT_ASSET_SYMBOL_EXTENSIONS = YES;
				ASSETCATALOG_COMPILER_GLOBAL_ACCENT_COLOR_NAME = AccentColor;
				ASSETCATALOG_COMPILER_WIDGET_BACKGROUND_COLOR_NAME = WidgetBackground;
				CODE_SIGN_ENTITLEMENTS = DinnerWidgetExtension.entitlements;
				CODE_SIGN_STYLE = Automatic;
				CURRENT_PROJECT_VERSION = 1;
				DEVELOPMENT_TEAM = "";
				GCC_C_LANGUAGE_STANDARD = gnu17;
				GENERATE_INFOPLIST_FILE = YES;
				INFOPLIST_FILE = DinnerWidget/Info.plist;
				INFOPLIST_KEY_CFBundleDisplayName = DinnerWidget;
				INFOPLIST_KEY_NSHumanReadableCopyright = "";
				IPHONEOS_DEPLOYMENT_TARGET = 15.0;
				LD_RUNPATH_SEARCH_PATHS = (
					"$(inherited)",
					"@executable_path/Frameworks",
					"@executable_path/../../Frameworks",
				);
				LOCALIZATION_PREFERS_STRING_CATALOGS = YES;
				MARKETING_VERSION = 1.0;
				PRODUCT_BUNDLE_IDENTIFIER = "com.example.DinnerPlan-final.${SAMPLE_CODE_DISAMBIGUATOR}.DinnerWidget";
				PRODUCT_NAME = "$(TARGET_NAME)";
				SKIP_INSTALL = YES;
				SWIFT_ACTIVE_COMPILATION_CONDITIONS = "DEBUG $(inherited)";
				SWIFT_EMIT_LOC_STRINGS = YES;
				SWIFT_VERSION = 5.0;
				TARGETED_DEVICE_FAMILY = "1,2";
			};
			name = Debug;
		};
		A42303B82ADDCA0600C77A39 /* Release */ = {
			isa = XCBuildConfiguration;
			baseConfigurationReference = A42A779C2AEB5F5800B34D79 /* SampleCode.xcconfig */;
			buildSettings = {
				ASSETCATALOG_COMPILER_GENERATE_SWIFT_ASSET_SYMBOL_EXTENSIONS = YES;
				ASSETCATALOG_COMPILER_GLOBAL_ACCENT_COLOR_NAME = AccentColor;
				ASSETCATALOG_COMPILER_WIDGET_BACKGROUND_COLOR_NAME = WidgetBackground;
				CODE_SIGN_ENTITLEMENTS = DinnerWidgetExtension.entitlements;
				CODE_SIGN_STYLE = Automatic;
				CURRENT_PROJECT_VERSION = 1;
				DEVELOPMENT_TEAM = "";
				GCC_C_LANGUAGE_STANDARD = gnu17;
				GENERATE_INFOPLIST_FILE = YES;
				INFOPLIST_FILE = DinnerWidget/Info.plist;
				INFOPLIST_KEY_CFBundleDisplayName = DinnerWidget;
				INFOPLIST_KEY_NSHumanReadableCopyright = "";
				IPHONEOS_DEPLOYMENT_TARGET = 15.0;
				LD_RUNPATH_SEARCH_PATHS = (
					"$(inherited)",
					"@executable_path/Frameworks",
					"@executable_path/../../Frameworks",
				);
				LOCALIZATION_PREFERS_STRING_CATALOGS = YES;
				MARKETING_VERSION = 1.0;
				PRODUCT_BUNDLE_IDENTIFIER = "com.example.DinnerPlan-final.${SAMPLE_CODE_DISAMBIGUATOR}.DinnerWidget";
				PRODUCT_NAME = "$(TARGET_NAME)";
				SKIP_INSTALL = YES;
				SWIFT_EMIT_LOC_STRINGS = YES;
				SWIFT_VERSION = 5.0;
				TARGETED_DEVICE_FAMILY = "1,2";
			};
			name = Release;
		};
/* End XCBuildConfiguration section */

/* Begin XCConfigurationList section */
		664876BA28BBB8D000C25109 /* Build configuration list for PBXProject "DinnerPlan-final" */ = {
			isa = XCConfigurationList;
			buildConfigurations = (
				664876D128BBB8D100C25109 /* Debug */,
				664876D228BBB8D100C25109 /* Release */,
			);
			defaultConfigurationIsVisible = 0;
			defaultConfigurationName = Release;
		};
		664876D328BBB8D100C25109 /* Build configuration list for PBXNativeTarget "DinnerPlan-final" */ = {
			isa = XCConfigurationList;
			buildConfigurations = (
				664876D428BBB8D100C25109 /* Debug */,
				664876D528BBB8D100C25109 /* Release */,
			);
			defaultConfigurationIsVisible = 0;
			defaultConfigurationName = Release;
		};
		A42303B92ADDCA0600C77A39 /* Build configuration list for PBXNativeTarget "DinnerWidgetExtension" */ = {
			isa = XCConfigurationList;
			buildConfigurations = (
				A42303B72ADDCA0600C77A39 /* Debug */,
				A42303B82ADDCA0600C77A39 /* Release */,
			);
			defaultConfigurationIsVisible = 0;
			defaultConfigurationName = Release;
		};
/* End XCConfigurationList section */
	};
	rootObject = 664876B728BBB8D000C25109 /* Project object */;
}
